{
  "nodes": {
    "cross-naersk": {
      "inputs": {
        "naersk": [
          "naersk"
        ],
        "nixpkgs": [
          "nixpkgs"
        ]
      },
      "locked": {
        "lastModified": 1705943642,
        "narHash": "sha256-M/n8k0Ato/WGmNJjtIUQGoooVBXL1ahSveiCK772Dk8=",
        "owner": "icewind1991",
        "repo": "cross-naersk",
        "rev": "db45d5a45b69d7d246bc748a54cd3cbbd9c47e74",
        "type": "github"
      },
      "original": {
        "owner": "icewind1991",
        "repo": "cross-naersk",
        "type": "github"
      }
    },
    "flake-utils": {
      "inputs": {
        "systems": "systems"
      },
      "locked": {
        "lastModified": 1710146030,
        "narHash": "sha256-SZ5L6eA7HJ/nmkzGG7/ISclqe6oZdOZTNoesiInkXPQ=",
        "owner": "numtide",
        "repo": "flake-utils",
        "rev": "b1d9ab70662946ef0850d488da1c9019f3a9752a",
        "type": "github"
      },
      "original": {
        "owner": "numtide",
        "repo": "flake-utils",
        "type": "github"
      }
    },
    "naersk": {
      "inputs": {
        "nixpkgs": "nixpkgs"
      },
      "locked": {
        "lastModified": 1698420672,
        "narHash": "sha256-/TdeHMPRjjdJub7p7+w55vyABrsJlt5QkznPYy55vKA=",
        "owner": "nix-community",
        "repo": "naersk",
        "rev": "aeb58d5e8faead8980a807c840232697982d47b9",
        "type": "github"
      },
      "original": {
        "owner": "nix-community",
        "repo": "naersk",
        "type": "github"
      }
    },
    "nixpkgs": {
      "locked": {
        "lastModified": 1712168706,
        "narHash": "sha256-XP24tOobf6GGElMd0ux90FEBalUtw6NkBSVh/RlA6ik=",
        "path": "/nix/store/wcg8s4srapl39ibwvhwiy5b7kvyjy7vq-source",
        "rev": "1487bdea619e4a7a53a4590c475deabb5a9d1bfb",
        "type": "path"
      },
      "original": {
        "id": "nixpkgs",
        "type": "indirect"
      }
    },
    "nixpkgs_2": {
      "locked": {
        "lastModified": 1712496542,
        "narHash": "sha256-jqHViQtWnEVqPVthcApWaJuqOL+htCaG2GDLFtOPPUo=",
        "owner": "NixOS",
        "repo": "nixpkgs",
        "rev": "4f348e045072ddca7ad47f5d0bb1bb318b950b79",
        "type": "github"
      },
      "original": {
        "id": "nixpkgs",
        "ref": "release-23.11",
        "type": "indirect"
      }
    },
    "root": {
      "inputs": {
        "cross-naersk": "cross-naersk",
        "flake-utils": "flake-utils",
        "naersk": "naersk",
        "nixpkgs": "nixpkgs_2",
        "rust-overlay": "rust-overlay"
      }
    },
    "rust-overlay": {
      "inputs": {
        "flake-utils": [
          "flake-utils"
        ],
        "nixpkgs": [
          "nixpkgs"
        ]
      },
      "locked": {
        "lastModified": 1712456031,
        "narHash": "sha256-vPM+DLCyiT3eKGdDBIxqsgBrbbB7lL0TR6R7FLhX1v8=",
        "owner": "oxalica",
        "repo": "rust-overlay",
        "rev": "0e5eaa43f116d798c289b0bb831320a353efc905",
        "type": "github"
      },
      "original": {
        "owner": "oxalica",
        "repo": "rust-overlay",
        "type": "github"
      }
    },
    "systems": {
      "locked": {
        "lastModified": 1681028828,
        "narHash": "sha256-Vy1rq5AaRuLzOxct8nz4T6wlgyUR7zLU309k9mBC768=",
        "owner": "nix-systems",
        "repo": "default",
        "rev": "da67096a3b9bf56a91d16901293e51ba5b49a27e",
        "type": "github"
      },
      "original": {
        "owner": "nix-systems",
        "repo": "default",
        "type": "github"
      }
    }
  },
  "root": "root",
  "version": 7
}
