{
  "nodes": {
    "cross-naersk": {
      "inputs": {
        "naersk": [
          "naersk"
        ],
        "nixpkgs": [
          "nixpkgs"
        ]
      },
      "locked": {
        "lastModified": 1689107909,
        "narHash": "sha256-fb+zxf7AWesECHx1foXOM3NcKHLrdeXzGb6s2AhT6pE=",
        "owner": "icewind1991",
        "repo": "cross-naersk",
        "rev": "51de54599de569e6faa2ee33dd659c5c028d9911",
        "type": "github"
      },
      "original": {
        "owner": "icewind1991",
        "repo": "cross-naersk",
        "type": "github"
      }
    },
    "flake-utils": {
      "inputs": {
        "systems": "systems"
      },
      "locked": {
        "lastModified": 1701680307,
        "narHash": "sha256-kAuep2h5ajznlPMD9rnQyffWG8EM/C73lejGofXvdM8=",
        "owner": "numtide",
        "repo": "flake-utils",
        "rev": "4022d587cbbfd70fe950c1e2083a02621806a725",
        "type": "github"
      },
      "original": {
        "owner": "numtide",
        "repo": "flake-utils",
        "type": "github"
      }
    },
    "naersk": {
      "inputs": {
        "nixpkgs": "nixpkgs"
      },
      "locked": {
        "lastModified": 1698420672,
        "narHash": "sha256-/TdeHMPRjjdJub7p7+w55vyABrsJlt5QkznPYy55vKA=",
        "owner": "nix-community",
        "repo": "naersk",
        "rev": "aeb58d5e8faead8980a807c840232697982d47b9",
        "type": "github"
      },
      "original": {
        "owner": "nix-community",
        "repo": "naersk",
        "type": "github"
      }
    },
    "nixpkgs": {
      "locked": {
        "lastModified": 1702645756,
        "narHash": "sha256-qKI6OR3TYJYQB3Q8mAZ+DG4o/BR9ptcv9UnRV2hzljc=",
        "path": "/nix/store/7ix7lj4h8q5jl740bkwvpi611safrq0v-source",
        "rev": "40c3c94c241286dd2243ea34d3aef8a488f9e4d0",
        "type": "path"
      },
      "original": {
        "id": "nixpkgs",
        "type": "indirect"
      }
    },
    "nixpkgs_2": {
      "locked": {
        "lastModified": 1703345962,
        "narHash": "sha256-hfdT9SYVQD5C99+R8WK3IAe4i7hnE0t/LVpZdkva7w0=",
        "owner": "NixOS",
        "repo": "nixpkgs",
        "rev": "22c37d3a97260e831dc3295fafac83178d52565e",
        "type": "github"
      },
      "original": {
        "id": "nixpkgs",
        "ref": "release-23.11",
        "type": "indirect"
      }
    },
    "root": {
      "inputs": {
        "cross-naersk": "cross-naersk",
        "flake-utils": "flake-utils",
        "naersk": "naersk",
        "nixpkgs": "nixpkgs_2",
        "rust-overlay": "rust-overlay"
      }
    },
    "rust-overlay": {
      "inputs": {
        "flake-utils": [
          "flake-utils"
        ],
        "nixpkgs": [
          "nixpkgs"
        ]
      },
      "locked": {
        "lastModified": 1703297543,
        "narHash": "sha256-d4QlzcoSNzb/iZheWtjOyRxoBSaLETSpViENGEkxv9g=",
        "owner": "oxalica",
        "repo": "rust-overlay",
        "rev": "fc77c8b416b1537522d30c710baaaaebf769f816",
        "type": "github"
      },
      "original": {
        "owner": "oxalica",
        "repo": "rust-overlay",
        "type": "github"
      }
    },
    "systems": {
      "locked": {
        "lastModified": 1681028828,
        "narHash": "sha256-Vy1rq5AaRuLzOxct8nz4T6wlgyUR7zLU309k9mBC768=",
        "owner": "nix-systems",
        "repo": "default",
        "rev": "da67096a3b9bf56a91d16901293e51ba5b49a27e",
        "type": "github"
      },
      "original": {
        "owner": "nix-systems",
        "repo": "default",
        "type": "github"
      }
    }
  },
  "root": "root",
  "version": 7
}
