{
  "nodes": {
    "crane": {
      "locked": {
        "lastModified": 1733688869,
        "narHash": "sha256-KrhxxFj1CjESDrL5+u/zsVH0K+Ik9tvoac/oFPoxSB8=",
        "owner": "ipetkov",
        "repo": "crane",
        "rev": "604637106e420ad99907cae401e13ab6b452e7d9",
        "type": "github"
      },
      "original": {
        "owner": "ipetkov",
        "repo": "crane",
        "type": "github"
      }
    },
    "flakelight": {
      "inputs": {
        "nixpkgs": [
          "nixpkgs"
        ]
      },
      "locked": {
        "lastModified": 1739796086,
        "narHash": "sha256-jxpUiVJ6O+V1YsXsvWdMgqnv8zk9TFiqF86CRdGGGH4=",
        "owner": "nix-community",
        "repo": "flakelight",
        "rev": "540efca2f9015aff7dc574c7a03404e5fa72d42f",
        "type": "github"
      },
      "original": {
        "owner": "nix-community",
        "repo": "flakelight",
        "type": "github"
      }
    },
    "mill-scale": {
      "inputs": {
        "crane": "crane",
        "flakelight": [
          "flakelight"
        ],
        "rust-overlay": "rust-overlay"
      },
      "locked": {
        "lastModified": 1735052218,
        "narHash": "sha256-I30wh6G8fSUO4EseexxiDXcxyUhXR6C8BvEeKn6xyfE=",
        "owner": "icewind1991",
        "repo": "mill-scale",
        "rev": "7e45bb598ff63a8416ee3c26743b20644563bd93",
        "type": "github"
      },
      "original": {
        "owner": "icewind1991",
        "repo": "mill-scale",
        "type": "github"
      }
    },
    "nixpkgs": {
      "locked": {
        "lastModified": 1739758141,
        "narHash": "sha256-uq6A2L7o1/tR6VfmYhZWoVAwb3gTy7j4Jx30MIrH0rE=",
        "owner": "NixOS",
        "repo": "nixpkgs",
        "rev": "c618e28f70257593de75a7044438efc1c1fc0791",
        "type": "github"
      },
      "original": {
        "id": "nixpkgs",
        "ref": "nixos-24.11",
        "type": "indirect"
      }
    },
    "root": {
      "inputs": {
        "flakelight": "flakelight",
        "mill-scale": "mill-scale",
        "nixpkgs": "nixpkgs"
      }
    },
    "rust-overlay": {
      "inputs": {
        "nixpkgs": [
          "mill-scale",
          "flakelight",
          "nixpkgs"
        ]
      },
      "locked": {
        "lastModified": 1733884434,
        "narHash": "sha256-8GXR9kC07dyOIshAyfZhG11xfvBRSZzYghnZ2weOKJU=",
        "owner": "oxalica",
        "repo": "rust-overlay",
        "rev": "d0483df44ddf0fd1985f564abccbe568e020ddf2",
        "type": "github"
      },
      "original": {
        "owner": "oxalica",
        "repo": "rust-overlay",
        "type": "github"
      }
    }
  },
  "root": "root",
  "version": 7
}
